// !$*UTF8*$!
{
	archiveVersion = 1;
	classes = {
	};
	objectVersion = 50;
	objects = {

/* Begin PBXBuildFile section */
		A2247130265CFBD900EF3081 /* AppDelegate.swift in Sources */ = {isa = PBXBuildFile; fileRef = A224712F265CFBD900EF3081 /* AppDelegate.swift */; };
		A2247132265CFBD900EF3081 /* SceneDelegate.swift in Sources */ = {isa = PBXBuildFile; fileRef = A2247131265CFBD900EF3081 /* SceneDelegate.swift */; };
		A2247134265CFBD900EF3081 /* ViewController.swift in Sources */ = {isa = PBXBuildFile; fileRef = A2247133265CFBD900EF3081 /* ViewController.swift */; };
		A2247137265CFBD900EF3081 /* Main.storyboard in Resources */ = {isa = PBXBuildFile; fileRef = A2247135265CFBD900EF3081 /* Main.storyboard */; };
		A224713A265CFBD900EF3081 /* Movie_App.xcdatamodeld in Sources */ = {isa = PBXBuildFile; fileRef = A2247138265CFBD900EF3081 /* Movie_App.xcdatamodeld */; };
		A224713C265CFBE500EF3081 /* Assets.xcassets in Resources */ = {isa = PBXBuildFile; fileRef = A224713B265CFBE500EF3081 /* Assets.xcassets */; };
		A224713F265CFBE500EF3081 /* LaunchScreen.storyboard in Resources */ = {isa = PBXBuildFile; fileRef = A224713D265CFBE500EF3081 /* LaunchScreen.storyboard */; };
		A26B21392669670200EDCC71 /* MovieCell.xib in Resources */ = {isa = PBXBuildFile; fileRef = A26B21372669670200EDCC71 /* MovieCell.xib */; };
		A26B213A2669670200EDCC71 /* MovieCell.swift in Sources */ = {isa = PBXBuildFile; fileRef = A26B21382669670200EDCC71 /* MovieCell.swift */; };
		A26B214226698C8C00EDCC71 /* DetailsViewController.swift in Sources */ = {isa = PBXBuildFile; fileRef = A26B214126698C8C00EDCC71 /* DetailsViewController.swift */; };
		A26F63DE266C2B5E003A818B /* CollectionViewCell.swift in Sources */ = {isa = PBXBuildFile; fileRef = A26F63DD266C2B5E003A818B /* CollectionViewCell.swift */; };
		A26F67ED265FB4E1008F3F27 /* HomeViewController.swift in Sources */ = {isa = PBXBuildFile; fileRef = A26F67EC265FB4E1008F3F27 /* HomeViewController.swift */; };
		A27796E22666CF3000468B52 /* Movie.swift in Sources */ = {isa = PBXBuildFile; fileRef = A27796E12666CF3000468B52 /* Movie.swift */; };
		A28504B8266A8D1D00D1B770 /* Favorite+CoreDataClass.swift in Sources */ = {isa = PBXBuildFile; fileRef = A28504B6266A8D1D00D1B770 /* Favorite+CoreDataClass.swift */; };
		A28504B9266A8D1D00D1B770 /* Favorite+CoreDataProperties.swift in Sources */ = {isa = PBXBuildFile; fileRef = A28504B7266A8D1D00D1B770 /* Favorite+CoreDataProperties.swift */; };
		A28504BE266A8FBF00D1B770 /* FavoriteViewController.swift in Sources */ = {isa = PBXBuildFile; fileRef = A28504BD266A8FBF00D1B770 /* FavoriteViewController.swift */; };
		A29651EA266BBBB300D03F9B /* SearchViewController.swift in Sources */ = {isa = PBXBuildFile; fileRef = A29651E9266BBBB300D03F9B /* SearchViewController.swift */; };
		A29651ED266BBFF400D03F9B /* Constant.swift in Sources */ = {isa = PBXBuildFile; fileRef = A29651EC266BBFF400D03F9B /* Constant.swift */; };
/* End PBXBuildFile section */

/* Begin PBXFileReference section */
		A224712C265CFBD900EF3081 /* Movie App.app */ = {isa = PBXFileReference; explicitFileType = wrapper.application; includeInIndex = 0; path = "Movie App.app"; sourceTree = BUILT_PRODUCTS_DIR; };
		A224712F265CFBD900EF3081 /* AppDelegate.swift */ = {isa = PBXFileReference; lastKnownFileType = sourcecode.swift; path = AppDelegate.swift; sourceTree = "<group>"; };
		A2247131265CFBD900EF3081 /* SceneDelegate.swift */ = {isa = PBXFileReference; lastKnownFileType = sourcecode.swift; path = SceneDelegate.swift; sourceTree = "<group>"; };
		A2247133265CFBD900EF3081 /* ViewController.swift */ = {isa = PBXFileReference; lastKnownFileType = sourcecode.swift; path = ViewController.swift; sourceTree = "<group>"; };
		A2247136265CFBD900EF3081 /* Base */ = {isa = PBXFileReference; lastKnownFileType = file.storyboard; name = Base; path = Base.lproj/Main.storyboard; sourceTree = "<group>"; };
		A2247139265CFBD900EF3081 /* Movie_App.xcdatamodel */ = {isa = PBXFileReference; lastKnownFileType = wrapper.xcdatamodel; path = Movie_App.xcdatamodel; sourceTree = "<group>"; };
		A224713B265CFBE500EF3081 /* Assets.xcassets */ = {isa = PBXFileReference; lastKnownFileType = folder.assetcatalog; path = Assets.xcassets; sourceTree = "<group>"; };
		A224713E265CFBE500EF3081 /* Base */ = {isa = PBXFileReference; lastKnownFileType = file.storyboard; name = Base; path = Base.lproj/LaunchScreen.storyboard; sourceTree = "<group>"; };
		A2247140265CFBE500EF3081 /* Info.plist */ = {isa = PBXFileReference; lastKnownFileType = text.plist.xml; path = Info.plist; sourceTree = "<group>"; };
		A26B21372669670200EDCC71 /* MovieCell.xib */ = {isa = PBXFileReference; fileEncoding = 4; lastKnownFileType = file.xib; name = MovieCell.xib; path = ../../../multiScreenLecture/multiScreenLecture/MovieCell.xib; sourceTree = "<group>"; };
		A26B21382669670200EDCC71 /* MovieCell.swift */ = {isa = PBXFileReference; fileEncoding = 4; lastKnownFileType = sourcecode.swift; name = MovieCell.swift; path = ../../../multiScreenLecture/multiScreenLecture/MovieCell.swift; sourceTree = "<group>"; };
		A26B214126698C8C00EDCC71 /* DetailsViewController.swift */ = {isa = PBXFileReference; lastKnownFileType = sourcecode.swift; path = DetailsViewController.swift; sourceTree = "<group>"; };
		A26F63DD266C2B5E003A818B /* CollectionViewCell.swift */ = {isa = PBXFileReference; lastKnownFileType = sourcecode.swift; path = CollectionViewCell.swift; sourceTree = "<group>"; };
		A26F67EC265FB4E1008F3F27 /* HomeViewController.swift */ = {isa = PBXFileReference; lastKnownFileType = sourcecode.swift; path = HomeViewController.swift; sourceTree = "<group>"; };
		A27796E12666CF3000468B52 /* Movie.swift */ = {isa = PBXFileReference; lastKnownFileType = sourcecode.swift; path = Movie.swift; sourceTree = "<group>"; };
		A28504B6266A8D1D00D1B770 /* Favorite+CoreDataClass.swift */ = {isa = PBXFileReference; lastKnownFileType = sourcecode.swift; path = "Favorite+CoreDataClass.swift"; sourceTree = "<group>"; };
		A28504B7266A8D1D00D1B770 /* Favorite+CoreDataProperties.swift */ = {isa = PBXFileReference; lastKnownFileType = sourcecode.swift; path = "Favorite+CoreDataProperties.swift"; sourceTree = "<group>"; };
		A28504BD266A8FBF00D1B770 /* FavoriteViewController.swift */ = {isa = PBXFileReference; lastKnownFileType = sourcecode.swift; path = FavoriteViewController.swift; sourceTree = "<group>"; };
		A29651E9266BBBB300D03F9B /* SearchViewController.swift */ = {isa = PBXFileReference; lastKnownFileType = sourcecode.swift; path = SearchViewController.swift; sourceTree = "<group>"; };
		A29651EC266BBFF400D03F9B /* Constant.swift */ = {isa = PBXFileReference; lastKnownFileType = sourcecode.swift; path = Constant.swift; sourceTree = "<group>"; };
/* End PBXFileReference section */

/* Begin PBXFrameworksBuildPhase section */
		A2247129265CFBD900EF3081 /* Frameworks */ = {
			isa = PBXFrameworksBuildPhase;
			buildActionMask = 2147483647;
			files = (
			);
			runOnlyForDeploymentPostprocessing = 0;
		};
/* End PBXFrameworksBuildPhase section */

/* Begin PBXGroup section */
		A2247123265CFBD900EF3081 = {
			isa = PBXGroup;
			children = (
				A28504B6266A8D1D00D1B770 /* Favorite+CoreDataClass.swift */,
				A28504B7266A8D1D00D1B770 /* Favorite+CoreDataProperties.swift */,
				A224712E265CFBD900EF3081 /* Movie App */,
				A224712D265CFBD900EF3081 /* Products */,
			);
			sourceTree = "<group>";
		};
		A224712D265CFBD900EF3081 /* Products */ = {
			isa = PBXGroup;
			children = (
				A224712C265CFBD900EF3081 /* Movie App.app */,
			);
			name = Products;
			sourceTree = "<group>";
		};
		A224712E265CFBD900EF3081 /* Movie App */ = {
			isa = PBXGroup;
			children = (
				A27796E02666CEF000468B52 /* model */,
				A26F67F3265FC8D2008F3F27 /* delegate */,
				A26F67F2265FC8BD008F3F27 /* item */,
				A26F67EA265F99EC008F3F27 /* db */,
				A26F67E9265F99CF008F3F27 /* viewcontroller */,
				A26F67E8265F99BE008F3F27 /* ui */,
				A224713B265CFBE500EF3081 /* Assets.xcassets */,
				A2247140265CFBE500EF3081 /* Info.plist */,
			);
			path = "Movie App";
			sourceTree = "<group>";
		};
		A26F67E8265F99BE008F3F27 /* ui */ = {
			isa = PBXGroup;
			children = (
				A2247135265CFBD900EF3081 /* Main.storyboard */,
				A224713D265CFBE500EF3081 /* LaunchScreen.storyboard */,
			);
			path = ui;
			sourceTree = "<group>";
		};
		A26F67E9265F99CF008F3F27 /* viewcontroller */ = {
			isa = PBXGroup;
			children = (
				A2247133265CFBD900EF3081 /* ViewController.swift */,
				A26F67EC265FB4E1008F3F27 /* HomeViewController.swift */,
				A26B214126698C8C00EDCC71 /* DetailsViewController.swift */,
				A28504BD266A8FBF00D1B770 /* FavoriteViewController.swift */,
				A29651E9266BBBB300D03F9B /* SearchViewController.swift */,
			);
			path = viewcontroller;
			sourceTree = "<group>";
		};
		A26F67EA265F99EC008F3F27 /* db */ = {
			isa = PBXGroup;
			children = (
				A2247138265CFBD900EF3081 /* Movie_App.xcdatamodeld */,
			);
			path = db;
			sourceTree = "<group>";
		};
		A26F67F2265FC8BD008F3F27 /* item */ = {
			isa = PBXGroup;
			children = (
				A26B21382669670200EDCC71 /* MovieCell.swift */,
				A26B21372669670200EDCC71 /* MovieCell.xib */,
				A26F63DD266C2B5E003A818B /* CollectionViewCell.swift */,
			);
			path = item;
			sourceTree = "<group>";
		};
		A26F67F3265FC8D2008F3F27 /* delegate */ = {
			isa = PBXGroup;
			children = (
				A2247131265CFBD900EF3081 /* SceneDelegate.swift */,
				A224712F265CFBD900EF3081 /* AppDelegate.swift */,
			);
			path = delegate;
			sourceTree = "<group>";
		};
		A27796E02666CEF000468B52 /* model */ = {
			isa = PBXGroup;
			children = (
				A27796E12666CF3000468B52 /* Movie.swift */,
				A29651EC266BBFF400D03F9B /* Constant.swift */,
			);
			path = model;
			sourceTree = "<group>";
		};
/* End PBXGroup section */

/* Begin PBXNativeTarget section */
		A224712B265CFBD900EF3081 /* Movie App */ = {
			isa = PBXNativeTarget;
			buildConfigurationList = A2247143265CFBE500EF3081 /* Build configuration list for PBXNativeTarget "Movie App" */;
			buildPhases = (
				A2247128265CFBD900EF3081 /* Sources */,
				A2247129265CFBD900EF3081 /* Frameworks */,
				A224712A265CFBD900EF3081 /* Resources */,
			);
			buildRules = (
			);
			dependencies = (
			);
			name = "Movie App";
			productName = "Movie App";
			productReference = A224712C265CFBD900EF3081 /* Movie App.app */;
			productType = "com.apple.product-type.application";
		};
/* End PBXNativeTarget section */

/* Begin PBXProject section */
		A2247124265CFBD900EF3081 /* Project object */ = {
			isa = PBXProject;
			attributes = {
				LastSwiftUpdateCheck = 1240;
				LastUpgradeCheck = 1240;
				TargetAttributes = {
					A224712B265CFBD900EF3081 = {
						CreatedOnToolsVersion = 12.4;
					};
				};
			};
			buildConfigurationList = A2247127265CFBD900EF3081 /* Build configuration list for PBXProject "Movie App" */;
			compatibilityVersion = "Xcode 9.3";
			developmentRegion = en;
			hasScannedForEncodings = 0;
			knownRegions = (
				en,
				Base,
			);
			mainGroup = A2247123265CFBD900EF3081;
			productRefGroup = A224712D265CFBD900EF3081 /* Products */;
			projectDirPath = "";
			projectRoot = "";
			targets = (
				A224712B265CFBD900EF3081 /* Movie App */,
			);
		};
/* End PBXProject section */

/* Begin PBXResourcesBuildPhase section */
		A224712A265CFBD900EF3081 /* Resources */ = {
			isa = PBXResourcesBuildPhase;
			buildActionMask = 2147483647;
			files = (
				A224713F265CFBE500EF3081 /* LaunchScreen.storyboard in Resources */,
				A224713C265CFBE500EF3081 /* Assets.xcassets in Resources */,
				A2247137265CFBD900EF3081 /* Main.storyboard in Resources */,
				A26B21392669670200EDCC71 /* MovieCell.xib in Resources */,
			);
			runOnlyForDeploymentPostprocessing = 0;
		};
/* End PBXResourcesBuildPhase section */

/* Begin PBXSourcesBuildPhase section */
		A2247128265CFBD900EF3081 /* Sources */ = {
			isa = PBXSourcesBuildPhase;
			buildActionMask = 2147483647;
			files = (
				A28504BE266A8FBF00D1B770 /* FavoriteViewController.swift in Sources */,
				A26F67ED265FB4E1008F3F27 /* HomeViewController.swift in Sources */,
				A28504B9266A8D1D00D1B770 /* Favorite+CoreDataProperties.swift in Sources */,
				A2247134265CFBD900EF3081 /* ViewController.swift in Sources */,
				A2247130265CFBD900EF3081 /* AppDelegate.swift in Sources */,
				A26B213A2669670200EDCC71 /* MovieCell.swift in Sources */,
				A29651EA266BBBB300D03F9B /* SearchViewController.swift in Sources */,
				A28504B8266A8D1D00D1B770 /* Favorite+CoreDataClass.swift in Sources */,
				A224713A265CFBD900EF3081 /* Movie_App.xcdatamodeld in Sources */,
				A29651ED266BBFF400D03F9B /* Constant.swift in Sources */,
				A26F63DE266C2B5E003A818B /* CollectionViewCell.swift in Sources */,
				A27796E22666CF3000468B52 /* Movie.swift in Sources */,
				A2247132265CFBD900EF3081 /* SceneDelegate.swift in Sources */,
				A26B214226698C8C00EDCC71 /* DetailsViewController.swift in Sources */,
			);
			runOnlyForDeploymentPostprocessing = 0;
		};
/* End PBXSourcesBuildPhase section */

/* Begin PBXVariantGroup section */
		A2247135265CFBD900EF3081 /* Main.storyboard */ = {
			isa = PBXVariantGroup;
			children = (
				A2247136265CFBD900EF3081 /* Base */,
			);
			name = Main.storyboard;
			sourceTree = "<group>";
		};
		A224713D265CFBE500EF3081 /* LaunchScreen.storyboard */ = {
			isa = PBXVariantGroup;
			children = (
				A224713E265CFBE500EF3081 /* Base */,
			);
			name = LaunchScreen.storyboard;
			sourceTree = "<group>";
		};
/* End PBXVariantGroup section */

/* Begin XCBuildConfiguration section */
		A2247141265CFBE500EF3081 /* Debug */ = {
			isa = XCBuildConfiguration;
			buildSettings = {
				ALWAYS_SEARCH_USER_PATHS = NO;
				CLANG_ANALYZER_NONNULL = YES;
				CLANG_ANALYZER_NUMBER_OBJECT_CONVERSION = YES_AGGRESSIVE;
				CLANG_CXX_LANGUAGE_STANDARD = "gnu++14";
				CLANG_CXX_LIBRARY = "libc++";
				CLANG_ENABLE_MODULES = YES;
				CLANG_ENABLE_OBJC_ARC = YES;
				CLANG_ENABLE_OBJC_WEAK = YES;
				CLANG_WARN_BLOCK_CAPTURE_AUTORELEASING = YES;
				CLANG_WARN_BOOL_CONVERSION = YES;
				CLANG_WARN_COMMA = YES;
				CLANG_WARN_CONSTANT_CONVERSION = YES;
				CLANG_WARN_DEPRECATED_OBJC_IMPLEMENTATIONS = YES;
				CLANG_WARN_DIRECT_OBJC_ISA_USAGE = YES_ERROR;
				CLANG_WARN_DOCUMENTATION_COMMENTS = YES;
				CLANG_WARN_EMPTY_BODY = YES;
				CLANG_WARN_ENUM_CONVERSION = YES;
				CLANG_WARN_INFINITE_RECURSION = YES;
				CLANG_WARN_INT_CONVERSION = YES;
				CLANG_WARN_NON_LITERAL_NULL_CONVERSION = YES;
				CLANG_WARN_OBJC_IMPLICIT_RETAIN_SELF = YES;
				CLANG_WARN_OBJC_LITERAL_CONVERSION = YES;
				CLANG_WARN_OBJC_ROOT_CLASS = YES_ERROR;
				CLANG_WARN_QUOTED_INCLUDE_IN_FRAMEWORK_HEADER = YES;
				CLANG_WARN_RANGE_LOOP_ANALYSIS = YES;
				CLANG_WARN_STRICT_PROTOTYPES = YES;
				CLANG_WARN_SUSPICIOUS_MOVE = YES;
				CLANG_WARN_UNGUARDED_AVAILABILITY = YES_AGGRESSIVE;
				CLANG_WARN_UNREACHABLE_CODE = YES;
				CLANG_WARN__DUPLICATE_METHOD_MATCH = YES;
				COPY_PHASE_STRIP = NO;
				DEBUG_INFORMATION_FORMAT = dwarf;
				ENABLE_STRICT_OBJC_MSGSEND = YES;
				ENABLE_TESTABILITY = YES;
				GCC_C_LANGUAGE_STANDARD = gnu11;
				GCC_DYNAMIC_NO_PIC = NO;
				GCC_NO_COMMON_BLOCKS = YES;
				GCC_OPTIMIZATION_LEVEL = 0;
				GCC_PREPROCESSOR_DEFINITIONS = (
					"DEBUG=1",
					"$(inherited)",
				);
				GCC_WARN_64_TO_32_BIT_CONVERSION = YES;
				GCC_WARN_ABOUT_RETURN_TYPE = YES_ERROR;
				GCC_WARN_UNDECLARED_SELECTOR = YES;
				GCC_WARN_UNINITIALIZED_AUTOS = YES_AGGRESSIVE;
				GCC_WARN_UNUSED_FUNCTION = YES;
				GCC_WARN_UNUSED_VARIABLE = YES;
				IPHONEOS_DEPLOYMENT_TARGET = 14.4;
				MTL_ENABLE_DEBUG_INFO = INCLUDE_SOURCE;
				MTL_FAST_MATH = YES;
				ONLY_ACTIVE_ARCH = YES;
				SDKROOT = iphoneos;
				SWIFT_ACTIVE_COMPILATION_CONDITIONS = DEBUG;
				SWIFT_OPTIMIZATION_LEVEL = "-Onone";
			};
			name = Debug;
		};
		A2247142265CFBE500EF3081 /* Release */ = {
			isa = XCBuildConfiguration;
			buildSettings = {
				ALWAYS_SEARCH_USER_PATHS = NO;
				CLANG_ANALYZER_NONNULL = YES;
				CLANG_ANALYZER_NUMBER_OBJECT_CONVERSION = YES_AGGRESSIVE;
				CLANG_CXX_LANGUAGE_STANDARD = "gnu++14";
				CLANG_CXX_LIBRARY = "libc++";
				CLANG_ENABLE_MODULES = YES;
				CLANG_ENABLE_OBJC_ARC = YES;
				CLANG_ENABLE_OBJC_WEAK = YES;
				CLANG_WARN_BLOCK_CAPTURE_AUTORELEASING = YES;
				CLANG_WARN_BOOL_CONVERSION = YES;
				CLANG_WARN_COMMA = YES;
				CLANG_WARN_CONSTANT_CONVERSION = YES;
				CLANG_WARN_DEPRECATED_OBJC_IMPLEMENTATIONS = YES;
				CLANG_WARN_DIRECT_OBJC_ISA_USAGE = YES_ERROR;
				CLANG_WARN_DOCUMENTATION_COMMENTS = YES;
				CLANG_WARN_EMPTY_BODY = YES;
				CLANG_WARN_ENUM_CONVERSION = YES;
				CLANG_WARN_INFINITE_RECURSION = YES;
				CLANG_WARN_INT_CONVERSION = YES;
				CLANG_WARN_NON_LITERAL_NULL_CONVERSION = YES;
				CLANG_WARN_OBJC_IMPLICIT_RETAIN_SELF = YES;
				CLANG_WARN_OBJC_LITERAL_CONVERSION = YES;
				CLANG_WARN_OBJC_ROOT_CLASS = YES_ERROR;
				CLANG_WARN_QUOTED_INCLUDE_IN_FRAMEWORK_HEADER = YES;
				CLANG_WARN_RANGE_LOOP_ANALYSIS = YES;
				CLANG_WARN_STRICT_PROTOTYPES = YES;
				CLANG_WARN_SUSPICIOUS_MOVE = YES;
				CLANG_WARN_UNGUARDED_AVAILABILITY = YES_AGGRESSIVE;
				CLANG_WARN_UNREACHABLE_CODE = YES;
				CLANG_WARN__DUPLICATE_METHOD_MATCH = YES;
				COPY_PHASE_STRIP = NO;
				DEBUG_INFORMATION_FORMAT = "dwarf-with-dsym";
				ENABLE_NS_ASSERTIONS = NO;
				ENABLE_STRICT_OBJC_MSGSEND = YES;
				GCC_C_LANGUAGE_STANDARD = gnu11;
				GCC_NO_COMMON_BLOCKS = YES;
				GCC_WARN_64_TO_32_BIT_CONVERSION = YES;
				GCC_WARN_ABOUT_RETURN_TYPE = YES_ERROR;
				GCC_WARN_UNDECLARED_SELECTOR = YES;
				GCC_WARN_UNINITIALIZED_AUTOS = YES_AGGRESSIVE;
				GCC_WARN_UNUSED_FUNCTION = YES;
				GCC_WARN_UNUSED_VARIABLE = YES;
				IPHONEOS_DEPLOYMENT_TARGET = 14.4;
				MTL_ENABLE_DEBUG_INFO = NO;
				MTL_FAST_MATH = YES;
				SDKROOT = iphoneos;
				SWIFT_COMPILATION_MODE = wholemodule;
				SWIFT_OPTIMIZATION_LEVEL = "-O";
				VALIDATE_PRODUCT = YES;
			};
			name = Release;
		};
		A2247144265CFBE500EF3081 /* Debug */ = {
			isa = XCBuildConfiguration;
			buildSettings = {
				ASSETCATALOG_COMPILER_APPICON_NAME = AppIcon;
				ASSETCATALOG_COMPILER_GLOBAL_ACCENT_COLOR_NAME = AccentColor;
				CODE_SIGN_STYLE = Automatic;
				INFOPLIST_FILE = "Movie App/Info.plist";
				LD_RUNPATH_SEARCH_PATHS = (
					"$(inherited)",
					"@executable_path/Frameworks",
				);
				PRODUCT_BUNDLE_IDENTIFIER = "ix.ibarhim7.Movie-App";
				PRODUCT_NAME = "$(TARGET_NAME)";
				SWIFT_VERSION = 5.0;
				TARGETED_DEVICE_FAMILY = "1,2";
			};
			name = Debug;
		};
		A2247145265CFBE500EF3081 /* Release */ = {
			isa = XCBuildConfiguration;
			buildSettings = {
				ASSETCATALOG_COMPILER_APPICON_NAME = AppIcon;
				ASSETCATALOG_COMPILER_GLOBAL_ACCENT_COLOR_NAME = AccentColor;
				CODE_SIGN_STYLE = Automatic;
				INFOPLIST_FILE = "Movie App/Info.plist";
				LD_RUNPATH_SEARCH_PATHS = (
					"$(inherited)",
					"@executable_path/Frameworks",
				);
				PRODUCT_BUNDLE_IDENTIFIER = "ix.ibarhim7.Movie-App";
				PRODUCT_NAME = "$(TARGET_NAME)";
				SWIFT_VERSION = 5.0;
				TARGETED_DEVICE_FAMILY = "1,2";
			};
			name = Release;
		};
/* End XCBuildConfiguration section */

/* Begin XCConfigurationList section */
		A2247127265CFBD900EF3081 /* Build configuration list for PBXProject "Movie App" */ = {
			isa = XCConfigurationList;
			buildConfigurations = (
				A2247141265CFBE500EF3081 /* Debug */,
				A2247142265CFBE500EF3081 /* Release */,
			);
			defaultConfigurationIsVisible = 0;
			defaultConfigurationName = Release;
		};
		A2247143265CFBE500EF3081 /* Build configuration list for PBXNativeTarget "Movie App" */ = {
			isa = XCConfigurationList;
			buildConfigurations = (
				A2247144265CFBE500EF3081 /* Debug */,
				A2247145265CFBE500EF3081 /* Release */,
			);
			defaultConfigurationIsVisible = 0;
			defaultConfigurationName = Release;
		};
/* End XCConfigurationList section */

/* Begin XCVersionGroup section */
		A2247138265CFBD900EF3081 /* Movie_App.xcdatamodeld */ = {
			isa = XCVersionGroup;
			children = (
				A2247139265CFBD900EF3081 /* Movie_App.xcdatamodel */,
			);
			currentVersion = A2247139265CFBD900EF3081 /* Movie_App.xcdatamodel */;
			path = Movie_App.xcdatamodeld;
			sourceTree = "<group>";
			versionGroupType = wrapper.xcdatamodel;
		};
/* End XCVersionGroup section */
	};
	rootObject = A2247124265CFBD900EF3081 /* Project object */;
}
